
Microsoft Visual Studio Solution File, Format Version 12.00
# Visual Studio 2012
Project("{8BC9CEB8-8B4A-11D0-8D11-00A0C91BC942}") = "TestJni", "TestJni\TestJni.vcxproj", "{55A29ECB-355D-4143-AEEF-7EF02ABEE3BF}"
EndProject
Global
	GlobalSection(SolutionConfigurationPlatforms) = preSolution
		Debug|Win32 = Debug|Win32
		Release|Win32 = Release|Win32
	EndGlobalSection
	GlobalSection(ProjectConfigurationPlatforms) = postSolution
		{55A29ECB-355D-4143-AEEF-7EF02ABEE3BF}.Debug|Win32.ActiveCfg = Debug|Win32
		{55A29ECB-355D-4143-AEEF-7EF02ABEE3BF}.Debug|Win32.Build.0 = Debug|Win32
		{55A29ECB-355D-4143-AEEF-7EF02ABEE3BF}.Release|Win32.ActiveCfg = Release|Win32
		{55A29ECB-355D-4143-AEEF-7EF02ABEE3BF}.Release|Win32.Build.0 = Release|Win32
	EndGlobalSection
	GlobalSection(SolutionProperties) = preSolution
		HideSolutionNode = FALSE
	EndGlobalSection
EndGlobal
